
Microsoft Visual Studio Solution File, Format Version 12.00
# Visual Studio 2012
Project("{FAE04EC0-301F-11D3-BF4B-00C04F79EFBC}") = "TetristPuzzle", "TetristPuzzle\TetristPuzzle.csproj", "{01AD2027-FB83-4F93-AD90-D22C8B9E71CC}"
EndProject
Global
	GlobalSection(SolutionConfigurationPlatforms) = preSolution
		Debug|Any CPU = Debug|Any CPU
		Release|Any CPU = Release|Any CPU
	EndGlobalSection
	GlobalSection(ProjectConfigurationPlatforms) = postSolution
		{01AD2027-FB83-4F93-AD90-D22C8B9E71CC}.Debug|Any CPU.ActiveCfg = Debug|Any CPU
		{01AD2027-FB83-4F93-AD90-D22C8B9E71CC}.Debug|Any CPU.Build.0 = Debug|Any CPU
		{01AD2027-FB83-4F93-AD90-D22C8B9E71CC}.Release|Any CPU.ActiveCfg = Release|Any CPU
		{01AD2027-FB83-4F93-AD90-D22C8B9E71CC}.Release|Any CPU.Build.0 = Release|Any CPU
	EndGlobalSection
	GlobalSection(SolutionProperties) = preSolution
		HideSolutionNode = FALSE
	EndGlobalSection
EndGlobal
